
Microsoft Visual Studio Solution File, Format Version 11.00
# Visual Studio 2010
Project("{FAE04EC0-301F-11D3-BF4B-00C04F79EFBC}") = "DunegeonClasher", "DunegeonClasher\DunegeonClasher\DunegeonClasher.csproj", "{C1489C9D-C725-4088-87EC-12C2207A50A8}"
EndProject
Project("{96E2B04D-8817-42C6-938A-82C39BA4D311}") = "DunegeonClasherContent", "DunegeonClasher\DunegeonClasherContent\DunegeonClasherContent.contentproj", "{774BC7A1-3B07-4640-92A8-8E709C758352}"
EndProject
Global
	GlobalSection(SolutionConfigurationPlatforms) = preSolution
		Debug|x86 = Debug|x86
		Release|x86 = Release|x86
	EndGlobalSection
	GlobalSection(ProjectConfigurationPlatforms) = postSolution
		{C1489C9D-C725-4088-87EC-12C2207A50A8}.Debug|x86.ActiveCfg = Debug|x86
		{C1489C9D-C725-4088-87EC-12C2207A50A8}.Debug|x86.Build.0 = Debug|x86
		{C1489C9D-C725-4088-87EC-12C2207A50A8}.Release|x86.ActiveCfg = Release|x86
		{C1489C9D-C725-4088-87EC-12C2207A50A8}.Release|x86.Build.0 = Release|x86
		{774BC7A1-3B07-4640-92A8-8E709C758352}.Debug|x86.ActiveCfg = Debug|x86
		{774BC7A1-3B07-4640-92A8-8E709C758352}.Release|x86.ActiveCfg = Release|x86
	EndGlobalSection
	GlobalSection(SolutionProperties) = preSolution
		HideSolutionNode = FALSE
	EndGlobalSection
EndGlobal
